
Microsoft Visual Studio Solution File, Format Version 12.00
# Visual Studio Version 17
VisualStudioVersion = 17.3.32929.385
MinimumVisualStudioVersion = 10.0.40219.1
Project("{9A19103F-16F7-4668-BE54-9A1E7A4F7556}") = "MVC", "MVC\MVC.csproj", "{685CF568-0B43-4FF6-827A-250382498465}"
EndProject
Project("{9A19103F-16F7-4668-BE54-9A1E7A4F7556}") = "SeleniumTest", "SeleniumTest\SeleniumTest.csproj", "{412793C1-CEBD-4FA4-9426-4E8D24C4202B}"
EndProject
Project("{9A19103F-16F7-4668-BE54-9A1E7A4F7556}") = "TestdeConversaodepdfparaword", "TestdeConversaodepdfparaword\TestdeConversaodepdfparaword.csproj", "{BDD62455-1219-4502-9FF2-7ABDBFC426E5}"
EndProject
Global
	GlobalSection(SolutionConfigurationPlatforms) = preSolution
		Debug|Any CPU = Debug|Any CPU
		Release|Any CPU = Release|Any CPU
	EndGlobalSection
	GlobalSection(ProjectConfigurationPlatforms) = postSolution
		{685CF568-0B43-4FF6-827A-250382498465}.Debug|Any CPU.ActiveCfg = Debug|Any CPU
		{685CF568-0B43-4FF6-827A-250382498465}.Debug|Any CPU.Build.0 = Debug|Any CPU
		{685CF568-0B43-4FF6-827A-250382498465}.Release|Any CPU.ActiveCfg = Release|Any CPU
		{685CF568-0B43-4FF6-827A-250382498465}.Release|Any CPU.Build.0 = Release|Any CPU
		{412793C1-CEBD-4FA4-9426-4E8D24C4202B}.Debug|Any CPU.ActiveCfg = Debug|Any CPU
		{412793C1-CEBD-4FA4-9426-4E8D24C4202B}.Debug|Any CPU.Build.0 = Debug|Any CPU
		{412793C1-CEBD-4FA4-9426-4E8D24C4202B}.Release|Any CPU.ActiveCfg = Release|Any CPU
		{412793C1-CEBD-4FA4-9426-4E8D24C4202B}.Release|Any CPU.Build.0 = Release|Any CPU
		{BDD62455-1219-4502-9FF2-7ABDBFC426E5}.Debug|Any CPU.ActiveCfg = Debug|Any CPU
		{BDD62455-1219-4502-9FF2-7ABDBFC426E5}.Debug|Any CPU.Build.0 = Debug|Any CPU
		{BDD62455-1219-4502-9FF2-7ABDBFC426E5}.Release|Any CPU.ActiveCfg = Release|Any CPU
		{BDD62455-1219-4502-9FF2-7ABDBFC426E5}.Release|Any CPU.Build.0 = Release|Any CPU
	EndGlobalSection
	GlobalSection(SolutionProperties) = preSolution
		HideSolutionNode = FALSE
	EndGlobalSection
	GlobalSection(ExtensibilityGlobals) = postSolution
		SolutionGuid = {7F6B55B6-63E4-4C87-9895-4538312B9365}
	EndGlobalSection
EndGlobal
